
Microsoft Visual Studio Solution File, Format Version 12.00
# Visual Studio Version 17
VisualStudioVersion = 17.4.33213.308
MinimumVisualStudioVersion = 10.0.40219.1
Project("{9A19103F-16F7-4668-BE54-9A1E7A4F7556}") = "ClientsApp", "ClientsApp\ClientsApp.csproj", "{965BEED5-B80B-4F8B-BE9B-A91021D5B74D}"
EndProject
Project("{FAE04EC0-301F-11D3-BF4B-00C04F79EFBC}") = "Clients.Data", "Clients.Data\Clients.Data.csproj", "{BCBA774B-BFEB-4140-AB1F-915BF0F1A92A}"
EndProject
Project("{FAE04EC0-301F-11D3-BF4B-00C04F79EFBC}") = "Clients.Data.Tests", "Clients.Data.Tests\Clients.Data.Tests.csproj", "{A78EA5B0-EEBA-4792-9D24-D5451BA08A67}"
EndProject
Global
	GlobalSection(SolutionConfigurationPlatforms) = preSolution
		Debug|Any CPU = Debug|Any CPU
		Release|Any CPU = Release|Any CPU
	EndGlobalSection
	GlobalSection(ProjectConfigurationPlatforms) = postSolution
		{965BEED5-B80B-4F8B-BE9B-A91021D5B74D}.Debug|Any CPU.ActiveCfg = Debug|Any CPU
		{965BEED5-B80B-4F8B-BE9B-A91021D5B74D}.Debug|Any CPU.Build.0 = Debug|Any CPU
		{965BEED5-B80B-4F8B-BE9B-A91021D5B74D}.Release|Any CPU.ActiveCfg = Release|Any CPU
		{965BEED5-B80B-4F8B-BE9B-A91021D5B74D}.Release|Any CPU.Build.0 = Release|Any CPU
		{BCBA774B-BFEB-4140-AB1F-915BF0F1A92A}.Debug|Any CPU.ActiveCfg = Debug|Any CPU
		{BCBA774B-BFEB-4140-AB1F-915BF0F1A92A}.Debug|Any CPU.Build.0 = Debug|Any CPU
		{BCBA774B-BFEB-4140-AB1F-915BF0F1A92A}.Release|Any CPU.ActiveCfg = Release|Any CPU
		{BCBA774B-BFEB-4140-AB1F-915BF0F1A92A}.Release|Any CPU.Build.0 = Release|Any CPU
		{A78EA5B0-EEBA-4792-9D24-D5451BA08A67}.Debug|Any CPU.ActiveCfg = Debug|Any CPU
		{A78EA5B0-EEBA-4792-9D24-D5451BA08A67}.Debug|Any CPU.Build.0 = Debug|Any CPU
		{A78EA5B0-EEBA-4792-9D24-D5451BA08A67}.Release|Any CPU.ActiveCfg = Release|Any CPU
		{A78EA5B0-EEBA-4792-9D24-D5451BA08A67}.Release|Any CPU.Build.0 = Release|Any CPU
	EndGlobalSection
	GlobalSection(SolutionProperties) = preSolution
		HideSolutionNode = FALSE
	EndGlobalSection
	GlobalSection(ExtensibilityGlobals) = postSolution
		SolutionGuid = {BA87B832-E9A8-4E16-A76A-567ACC412E3C}
	EndGlobalSection
EndGlobal
